
Microsoft Visual Studio Solution File, Format Version 12.00
# Visual Studio Version 17
VisualStudioVersion = 17.5.33424.131
MinimumVisualStudioVersion = 10.0.40219.1
Project("{9A19103F-16F7-4668-BE54-9A1E7A4F7556}") = "GraphQlRepro", "GraphQlRepro\GraphQlRepro.csproj", "{1B0BCB34-855F-4A1C-9543-A27D61E0309B}"
EndProject
Project("{9A19103F-16F7-4668-BE54-9A1E7A4F7556}") = "HotChocolate.Data.EntityFramework", "graphql-platform\src\HotChocolate\Data\src\EntityFramework\HotChocolate.Data.EntityFramework.csproj", "{84B1B42F-4416-48F3-99D6-221DF9AC20CE}"
EndProject
Project("{9A19103F-16F7-4668-BE54-9A1E7A4F7556}") = "HotChocolate.Data.AutoMapper", "graphql-platform\src\HotChocolate\Data\src\AutoMapper\HotChocolate.Data.AutoMapper.csproj", "{BB438045-8CB6-43AE-A461-197AD7B0D6FB}"
EndProject
Project("{9A19103F-16F7-4668-BE54-9A1E7A4F7556}") = "HotChocolate.AspNetCore", "graphql-platform\src\HotChocolate\AspNetCore\src\AspNetCore\HotChocolate.AspNetCore.csproj", "{15CA7BDD-916C-45E2-BA6E-961429B40A5C}"
EndProject
Project("{9A19103F-16F7-4668-BE54-9A1E7A4F7556}") = "HotChocolate.Core", "graphql-platform\src\HotChocolate\Core\src\Core\HotChocolate.Core.csproj", "{1EDE2B51-3601-42A2-8417-45689BDD5129}"
EndProject
Project("{9A19103F-16F7-4668-BE54-9A1E7A4F7556}") = "HotChocolate.Subscriptions.InMemory", "graphql-platform\src\HotChocolate\Core\src\Subscriptions.InMemory\HotChocolate.Subscriptions.InMemory.csproj", "{906D9418-0E7B-4A49-B31E-F33319C6B044}"
EndProject
Project("{9A19103F-16F7-4668-BE54-9A1E7A4F7556}") = "HotChocolate.Data", "graphql-platform\src\HotChocolate\Data\src\Data\HotChocolate.Data.csproj", "{05B1C718-3E05-4665-AF49-655403B5B053}"
EndProject
Project("{9A19103F-16F7-4668-BE54-9A1E7A4F7556}") = "HotChocolate.Execution", "graphql-platform\src\HotChocolate\Core\src\Execution\HotChocolate.Execution.csproj", "{E29AA0B1-2F98-4171-9051-D76447140813}"
EndProject
Project("{9A19103F-16F7-4668-BE54-9A1E7A4F7556}") = "HotChocolate.Types.CursorPagination", "graphql-platform\src\HotChocolate\Core\src\Types.CursorPagination\HotChocolate.Types.CursorPagination.csproj", "{F5ADA1C9-21A1-4031-B52E-5A2783335C15}"
EndProject
Project("{9A19103F-16F7-4668-BE54-9A1E7A4F7556}") = "HotChocolate.Execution.Abstractions", "graphql-platform\src\HotChocolate\Core\src\Execution.Abstractions\HotChocolate.Execution.Abstractions.csproj", "{7C8C6B9B-C4EF-4D72-8299-03781570928A}"
EndProject
Project("{9A19103F-16F7-4668-BE54-9A1E7A4F7556}") = "HotChocolate.Subscriptions", "graphql-platform\src\HotChocolate\Core\src\Subscriptions\HotChocolate.Subscriptions.csproj", "{B44E2EF1-993B-42BD-972D-B03B8698CE0D}"
EndProject
Project("{9A19103F-16F7-4668-BE54-9A1E7A4F7556}") = "HotChocolate.Abstractions", "graphql-platform\src\HotChocolate\Core\src\Abstractions\HotChocolate.Abstractions.csproj", "{F6271653-346F-4B47-9386-71B3CD8329B9}"
EndProject
Project("{9A19103F-16F7-4668-BE54-9A1E7A4F7556}") = "HotChocolate.Language", "graphql-platform\src\HotChocolate\Language\src\Language\HotChocolate.Language.csproj", "{F995FD0F-74F8-462E-9203-F71E990788B9}"
EndProject
Project("{9A19103F-16F7-4668-BE54-9A1E7A4F7556}") = "HotChocolate.Language.SyntaxTree", "graphql-platform\src\HotChocolate\Language\src\Language.SyntaxTree\HotChocolate.Language.SyntaxTree.csproj", "{E682180A-401B-4674-8E91-0B7FDB14D171}"
EndProject
Project("{9A19103F-16F7-4668-BE54-9A1E7A4F7556}") = "HotChocolate.Language.Utf8", "graphql-platform\src\HotChocolate\Language\src\Language.Utf8\HotChocolate.Language.Utf8.csproj", "{1180F67B-E0F1-408E-B45F-FA59D2B099F6}"
EndProject
Project("{9A19103F-16F7-4668-BE54-9A1E7A4F7556}") = "HotChocolate.Language.Visitors", "graphql-platform\src\HotChocolate\Language\src\Language.Visitors\HotChocolate.Language.Visitors.csproj", "{07670BDB-D654-4CB2-A8A4-6A07A2285BA1}"
EndProject
Project("{9A19103F-16F7-4668-BE54-9A1E7A4F7556}") = "HotChocolate.Language.Web", "graphql-platform\src\HotChocolate\Language\src\Language.Web\HotChocolate.Language.Web.csproj", "{1242AF88-9048-4112-9B83-861BE58610B5}"
EndProject
Project("{9A19103F-16F7-4668-BE54-9A1E7A4F7556}") = "HotChocolate.Types", "graphql-platform\src\HotChocolate\Core\src\Types\HotChocolate.Types.csproj", "{0A591787-9F32-4FE3-A99A-2DABEA20B581}"
EndProject
Project("{9A19103F-16F7-4668-BE54-9A1E7A4F7556}") = "HotChocolate.Validation", "graphql-platform\src\HotChocolate\Core\src\Validation\HotChocolate.Validation.csproj", "{B93E3EA6-5026-4527-B97A-CF150C8D69AF}"
EndProject
Project("{9A19103F-16F7-4668-BE54-9A1E7A4F7556}") = "HotChocolate.Utilities", "graphql-platform\src\HotChocolate\Utilities\src\Utilities\HotChocolate.Utilities.csproj", "{2869DCF8-3A23-4EE4-A5E2-E692925A7CC5}"
EndProject
Project("{9A19103F-16F7-4668-BE54-9A1E7A4F7556}") = "HotChocolate.Utilities.Introspection", "graphql-platform\src\HotChocolate\Utilities\src\Utilities.Introspection\HotChocolate.Utilities.Introspection.csproj", "{64032657-A92A-4344-89C8-DD68093F90E5}"
EndProject
Project("{9A19103F-16F7-4668-BE54-9A1E7A4F7556}") = "HotChocolate.Types.Mutations", "graphql-platform\src\HotChocolate\Core\src\Types.Mutations\HotChocolate.Types.Mutations.csproj", "{E18515DD-87F0-473C-9512-A0F2216BD78B}"
EndProject
Project("{9A19103F-16F7-4668-BE54-9A1E7A4F7556}") = "HotChocolate.Types.OffsetPagination", "graphql-platform\src\HotChocolate\Core\src\Types.OffsetPagination\HotChocolate.Types.OffsetPagination.csproj", "{FE94A321-8167-46F4-94AD-3BD5FA5D64F0}"
EndProject
Project("{9A19103F-16F7-4668-BE54-9A1E7A4F7556}") = "HotChocolate.Fetching", "graphql-platform\src\HotChocolate\Core\src\Fetching\HotChocolate.Fetching.csproj", "{7CEFF29B-5B5B-484F-B475-15DB2A4E7282}"
EndProject
Project("{9A19103F-16F7-4668-BE54-9A1E7A4F7556}") = "HotChocolate.Authorization", "graphql-platform\src\HotChocolate\Core\src\Authorization\HotChocolate.Authorization.csproj", "{2D38ED91-0C82-4EDF-86E6-151452E77B61}"
EndProject
Project("{9A19103F-16F7-4668-BE54-9A1E7A4F7556}") = "HotChocolate.Types.Scalars.Upload", "graphql-platform\src\HotChocolate\Core\src\Types.Scalars.Upload\HotChocolate.Types.Scalars.Upload.csproj", "{CBE3827D-98A3-44ED-886A-9ECD7886A782}"
EndProject
Project("{9A19103F-16F7-4668-BE54-9A1E7A4F7556}") = "HotChocolate.Transport.Sockets", "graphql-platform\src\HotChocolate\AspNetCore\src\Transport.Sockets\HotChocolate.Transport.Sockets.csproj", "{299677D4-845F-4471-80C4-BD07D4877734}"
EndProject
Project("{9A19103F-16F7-4668-BE54-9A1E7A4F7556}") = "GreenDonut", "graphql-platform\src\GreenDonut\src\Core\GreenDonut.csproj", "{4D053EA0-4873-4407-BA34-A489E5564EA0}"
EndProject
Project("{9A19103F-16F7-4668-BE54-9A1E7A4F7556}") = "HotChocolate.Types.Filters", "graphql-platform\src\HotChocolate\Filters\src\Types.Filters\HotChocolate.Types.Filters.csproj", "{2D7480C7-7B5C-4169-BC3C-AA6DF4B55EC6}"
EndProject
Project("{9A19103F-16F7-4668-BE54-9A1E7A4F7556}") = "HotChocolate.Types.Sorting", "graphql-platform\src\HotChocolate\Filters\src\Types.Sorting\HotChocolate.Types.Sorting.csproj", "{F312CBA1-BC6E-4E8C-923C-9B7A52F30E3F}"
EndProject
Project("{9A19103F-16F7-4668-BE54-9A1E7A4F7556}") = "AutoMapper", "AutoMapper\src\AutoMapper\AutoMapper.csproj", "{CCF88DF9-CE64-4038-8E9E-DF8FF5540949}"
EndProject
Global
	GlobalSection(SolutionConfigurationPlatforms) = preSolution
		Debug|Any CPU = Debug|Any CPU
		Release|Any CPU = Release|Any CPU
	EndGlobalSection
	GlobalSection(ProjectConfigurationPlatforms) = postSolution
		{1B0BCB34-855F-4A1C-9543-A27D61E0309B}.Debug|Any CPU.ActiveCfg = Debug|Any CPU
		{1B0BCB34-855F-4A1C-9543-A27D61E0309B}.Debug|Any CPU.Build.0 = Debug|Any CPU
		{1B0BCB34-855F-4A1C-9543-A27D61E0309B}.Release|Any CPU.ActiveCfg = Release|Any CPU
		{1B0BCB34-855F-4A1C-9543-A27D61E0309B}.Release|Any CPU.Build.0 = Release|Any CPU
		{84B1B42F-4416-48F3-99D6-221DF9AC20CE}.Debug|Any CPU.ActiveCfg = Debug|Any CPU
		{84B1B42F-4416-48F3-99D6-221DF9AC20CE}.Debug|Any CPU.Build.0 = Debug|Any CPU
		{84B1B42F-4416-48F3-99D6-221DF9AC20CE}.Release|Any CPU.ActiveCfg = Release|Any CPU
		{84B1B42F-4416-48F3-99D6-221DF9AC20CE}.Release|Any CPU.Build.0 = Release|Any CPU
		{BB438045-8CB6-43AE-A461-197AD7B0D6FB}.Debug|Any CPU.ActiveCfg = Debug|Any CPU
		{BB438045-8CB6-43AE-A461-197AD7B0D6FB}.Debug|Any CPU.Build.0 = Debug|Any CPU
		{BB438045-8CB6-43AE-A461-197AD7B0D6FB}.Release|Any CPU.ActiveCfg = Release|Any CPU
		{BB438045-8CB6-43AE-A461-197AD7B0D6FB}.Release|Any CPU.Build.0 = Release|Any CPU
		{15CA7BDD-916C-45E2-BA6E-961429B40A5C}.Debug|Any CPU.ActiveCfg = Debug|Any CPU
		{15CA7BDD-916C-45E2-BA6E-961429B40A5C}.Debug|Any CPU.Build.0 = Debug|Any CPU
		{15CA7BDD-916C-45E2-BA6E-961429B40A5C}.Release|Any CPU.ActiveCfg = Release|Any CPU
		{15CA7BDD-916C-45E2-BA6E-961429B40A5C}.Release|Any CPU.Build.0 = Release|Any CPU
		{1EDE2B51-3601-42A2-8417-45689BDD5129}.Debug|Any CPU.ActiveCfg = Debug|Any CPU
		{1EDE2B51-3601-42A2-8417-45689BDD5129}.Debug|Any CPU.Build.0 = Debug|Any CPU
		{1EDE2B51-3601-42A2-8417-45689BDD5129}.Release|Any CPU.ActiveCfg = Release|Any CPU
		{1EDE2B51-3601-42A2-8417-45689BDD5129}.Release|Any CPU.Build.0 = Release|Any CPU
		{906D9418-0E7B-4A49-B31E-F33319C6B044}.Debug|Any CPU.ActiveCfg = Debug|Any CPU
		{906D9418-0E7B-4A49-B31E-F33319C6B044}.Debug|Any CPU.Build.0 = Debug|Any CPU
		{906D9418-0E7B-4A49-B31E-F33319C6B044}.Release|Any CPU.ActiveCfg = Release|Any CPU
		{906D9418-0E7B-4A49-B31E-F33319C6B044}.Release|Any CPU.Build.0 = Release|Any CPU
		{05B1C718-3E05-4665-AF49-655403B5B053}.Debug|Any CPU.ActiveCfg = Debug|Any CPU
		{05B1C718-3E05-4665-AF49-655403B5B053}.Debug|Any CPU.Build.0 = Debug|Any CPU
		{05B1C718-3E05-4665-AF49-655403B5B053}.Release|Any CPU.ActiveCfg = Release|Any CPU
		{05B1C718-3E05-4665-AF49-655403B5B053}.Release|Any CPU.Build.0 = Release|Any CPU
		{E29AA0B1-2F98-4171-9051-D76447140813}.Debug|Any CPU.ActiveCfg = Debug|Any CPU
		{E29AA0B1-2F98-4171-9051-D76447140813}.Debug|Any CPU.Build.0 = Debug|Any CPU
		{E29AA0B1-2F98-4171-9051-D76447140813}.Release|Any CPU.ActiveCfg = Release|Any CPU
		{E29AA0B1-2F98-4171-9051-D76447140813}.Release|Any CPU.Build.0 = Release|Any CPU
		{F5ADA1C9-21A1-4031-B52E-5A2783335C15}.Debug|Any CPU.ActiveCfg = Debug|Any CPU
		{F5ADA1C9-21A1-4031-B52E-5A2783335C15}.Debug|Any CPU.Build.0 = Debug|Any CPU
		{F5ADA1C9-21A1-4031-B52E-5A2783335C15}.Release|Any CPU.ActiveCfg = Release|Any CPU
		{F5ADA1C9-21A1-4031-B52E-5A2783335C15}.Release|Any CPU.Build.0 = Release|Any CPU
		{7C8C6B9B-C4EF-4D72-8299-03781570928A}.Debug|Any CPU.ActiveCfg = Debug|Any CPU
		{7C8C6B9B-C4EF-4D72-8299-03781570928A}.Debug|Any CPU.Build.0 = Debug|Any CPU
		{7C8C6B9B-C4EF-4D72-8299-03781570928A}.Release|Any CPU.ActiveCfg = Release|Any CPU
		{7C8C6B9B-C4EF-4D72-8299-03781570928A}.Release|Any CPU.Build.0 = Release|Any CPU
		{B44E2EF1-993B-42BD-972D-B03B8698CE0D}.Debug|Any CPU.ActiveCfg = Debug|Any CPU
		{B44E2EF1-993B-42BD-972D-B03B8698CE0D}.Debug|Any CPU.Build.0 = Debug|Any CPU
		{B44E2EF1-993B-42BD-972D-B03B8698CE0D}.Release|Any CPU.ActiveCfg = Release|Any CPU
		{B44E2EF1-993B-42BD-972D-B03B8698CE0D}.Release|Any CPU.Build.0 = Release|Any CPU
		{F6271653-346F-4B47-9386-71B3CD8329B9}.Debug|Any CPU.ActiveCfg = Debug|Any CPU
		{F6271653-346F-4B47-9386-71B3CD8329B9}.Debug|Any CPU.Build.0 = Debug|Any CPU
		{F6271653-346F-4B47-9386-71B3CD8329B9}.Release|Any CPU.ActiveCfg = Release|Any CPU
		{F6271653-346F-4B47-9386-71B3CD8329B9}.Release|Any CPU.Build.0 = Release|Any CPU
		{F995FD0F-74F8-462E-9203-F71E990788B9}.Debug|Any CPU.ActiveCfg = Debug|Any CPU
		{F995FD0F-74F8-462E-9203-F71E990788B9}.Debug|Any CPU.Build.0 = Debug|Any CPU
		{F995FD0F-74F8-462E-9203-F71E990788B9}.Release|Any CPU.ActiveCfg = Release|Any CPU
		{F995FD0F-74F8-462E-9203-F71E990788B9}.Release|Any CPU.Build.0 = Release|Any CPU
		{E682180A-401B-4674-8E91-0B7FDB14D171}.Debug|Any CPU.ActiveCfg = Debug|Any CPU
		{E682180A-401B-4674-8E91-0B7FDB14D171}.Debug|Any CPU.Build.0 = Debug|Any CPU
		{E682180A-401B-4674-8E91-0B7FDB14D171}.Release|Any CPU.ActiveCfg = Release|Any CPU
		{E682180A-401B-4674-8E91-0B7FDB14D171}.Release|Any CPU.Build.0 = Release|Any CPU
		{1180F67B-E0F1-408E-B45F-FA59D2B099F6}.Debug|Any CPU.ActiveCfg = Debug|Any CPU
		{1180F67B-E0F1-408E-B45F-FA59D2B099F6}.Debug|Any CPU.Build.0 = Debug|Any CPU
		{1180F67B-E0F1-408E-B45F-FA59D2B099F6}.Release|Any CPU.ActiveCfg = Release|Any CPU
		{1180F67B-E0F1-408E-B45F-FA59D2B099F6}.Release|Any CPU.Build.0 = Release|Any CPU
		{07670BDB-D654-4CB2-A8A4-6A07A2285BA1}.Debug|Any CPU.ActiveCfg = Debug|Any CPU
		{07670BDB-D654-4CB2-A8A4-6A07A2285BA1}.Debug|Any CPU.Build.0 = Debug|Any CPU
		{07670BDB-D654-4CB2-A8A4-6A07A2285BA1}.Release|Any CPU.ActiveCfg = Release|Any CPU
		{07670BDB-D654-4CB2-A8A4-6A07A2285BA1}.Release|Any CPU.Build.0 = Release|Any CPU
		{1242AF88-9048-4112-9B83-861BE58610B5}.Debug|Any CPU.ActiveCfg = Debug|Any CPU
		{1242AF88-9048-4112-9B83-861BE58610B5}.Debug|Any CPU.Build.0 = Debug|Any CPU
		{1242AF88-9048-4112-9B83-861BE58610B5}.Release|Any CPU.ActiveCfg = Release|Any CPU
		{1242AF88-9048-4112-9B83-861BE58610B5}.Release|Any CPU.Build.0 = Release|Any CPU
		{0A591787-9F32-4FE3-A99A-2DABEA20B581}.Debug|Any CPU.ActiveCfg = Debug|Any CPU
		{0A591787-9F32-4FE3-A99A-2DABEA20B581}.Debug|Any CPU.Build.0 = Debug|Any CPU
		{0A591787-9F32-4FE3-A99A-2DABEA20B581}.Release|Any CPU.ActiveCfg = Release|Any CPU
		{0A591787-9F32-4FE3-A99A-2DABEA20B581}.Release|Any CPU.Build.0 = Release|Any CPU
		{B93E3EA6-5026-4527-B97A-CF150C8D69AF}.Debug|Any CPU.ActiveCfg = Debug|Any CPU
		{B93E3EA6-5026-4527-B97A-CF150C8D69AF}.Debug|Any CPU.Build.0 = Debug|Any CPU
		{B93E3EA6-5026-4527-B97A-CF150C8D69AF}.Release|Any CPU.ActiveCfg = Release|Any CPU
		{B93E3EA6-5026-4527-B97A-CF150C8D69AF}.Release|Any CPU.Build.0 = Release|Any CPU
		{2869DCF8-3A23-4EE4-A5E2-E692925A7CC5}.Debug|Any CPU.ActiveCfg = Debug|Any CPU
		{2869DCF8-3A23-4EE4-A5E2-E692925A7CC5}.Debug|Any CPU.Build.0 = Debug|Any CPU
		{2869DCF8-3A23-4EE4-A5E2-E692925A7CC5}.Release|Any CPU.ActiveCfg = Release|Any CPU
		{2869DCF8-3A23-4EE4-A5E2-E692925A7CC5}.Release|Any CPU.Build.0 = Release|Any CPU
		{64032657-A92A-4344-89C8-DD68093F90E5}.Debug|Any CPU.ActiveCfg = Debug|Any CPU
		{64032657-A92A-4344-89C8-DD68093F90E5}.Debug|Any CPU.Build.0 = Debug|Any CPU
		{64032657-A92A-4344-89C8-DD68093F90E5}.Release|Any CPU.ActiveCfg = Release|Any CPU
		{64032657-A92A-4344-89C8-DD68093F90E5}.Release|Any CPU.Build.0 = Release|Any CPU
		{E18515DD-87F0-473C-9512-A0F2216BD78B}.Debug|Any CPU.ActiveCfg = Debug|Any CPU
		{E18515DD-87F0-473C-9512-A0F2216BD78B}.Debug|Any CPU.Build.0 = Debug|Any CPU
		{E18515DD-87F0-473C-9512-A0F2216BD78B}.Release|Any CPU.ActiveCfg = Release|Any CPU
		{E18515DD-87F0-473C-9512-A0F2216BD78B}.Release|Any CPU.Build.0 = Release|Any CPU
		{FE94A321-8167-46F4-94AD-3BD5FA5D64F0}.Debug|Any CPU.ActiveCfg = Debug|Any CPU
		{FE94A321-8167-46F4-94AD-3BD5FA5D64F0}.Debug|Any CPU.Build.0 = Debug|Any CPU
		{FE94A321-8167-46F4-94AD-3BD5FA5D64F0}.Release|Any CPU.ActiveCfg = Release|Any CPU
		{FE94A321-8167-46F4-94AD-3BD5FA5D64F0}.Release|Any CPU.Build.0 = Release|Any CPU
		{7CEFF29B-5B5B-484F-B475-15DB2A4E7282}.Debug|Any CPU.ActiveCfg = Debug|Any CPU
		{7CEFF29B-5B5B-484F-B475-15DB2A4E7282}.Debug|Any CPU.Build.0 = Debug|Any CPU
		{7CEFF29B-5B5B-484F-B475-15DB2A4E7282}.Release|Any CPU.ActiveCfg = Release|Any CPU
		{7CEFF29B-5B5B-484F-B475-15DB2A4E7282}.Release|Any CPU.Build.0 = Release|Any CPU
		{2D38ED91-0C82-4EDF-86E6-151452E77B61}.Debug|Any CPU.ActiveCfg = Debug|Any CPU
		{2D38ED91-0C82-4EDF-86E6-151452E77B61}.Debug|Any CPU.Build.0 = Debug|Any CPU
		{2D38ED91-0C82-4EDF-86E6-151452E77B61}.Release|Any CPU.ActiveCfg = Release|Any CPU
		{2D38ED91-0C82-4EDF-86E6-151452E77B61}.Release|Any CPU.Build.0 = Release|Any CPU
		{CBE3827D-98A3-44ED-886A-9ECD7886A782}.Debug|Any CPU.ActiveCfg = Debug|Any CPU
		{CBE3827D-98A3-44ED-886A-9ECD7886A782}.Debug|Any CPU.Build.0 = Debug|Any CPU
		{CBE3827D-98A3-44ED-886A-9ECD7886A782}.Release|Any CPU.ActiveCfg = Release|Any CPU
		{CBE3827D-98A3-44ED-886A-9ECD7886A782}.Release|Any CPU.Build.0 = Release|Any CPU
		{299677D4-845F-4471-80C4-BD07D4877734}.Debug|Any CPU.ActiveCfg = Debug|Any CPU
		{299677D4-845F-4471-80C4-BD07D4877734}.Debug|Any CPU.Build.0 = Debug|Any CPU
		{299677D4-845F-4471-80C4-BD07D4877734}.Release|Any CPU.ActiveCfg = Release|Any CPU
		{299677D4-845F-4471-80C4-BD07D4877734}.Release|Any CPU.Build.0 = Release|Any CPU
		{4D053EA0-4873-4407-BA34-A489E5564EA0}.Debug|Any CPU.ActiveCfg = Debug|Any CPU
		{4D053EA0-4873-4407-BA34-A489E5564EA0}.Debug|Any CPU.Build.0 = Debug|Any CPU
		{4D053EA0-4873-4407-BA34-A489E5564EA0}.Release|Any CPU.ActiveCfg = Release|Any CPU
		{4D053EA0-4873-4407-BA34-A489E5564EA0}.Release|Any CPU.Build.0 = Release|Any CPU
		{2D7480C7-7B5C-4169-BC3C-AA6DF4B55EC6}.Debug|Any CPU.ActiveCfg = Debug|Any CPU
		{2D7480C7-7B5C-4169-BC3C-AA6DF4B55EC6}.Debug|Any CPU.Build.0 = Debug|Any CPU
		{2D7480C7-7B5C-4169-BC3C-AA6DF4B55EC6}.Release|Any CPU.ActiveCfg = Release|Any CPU
		{2D7480C7-7B5C-4169-BC3C-AA6DF4B55EC6}.Release|Any CPU.Build.0 = Release|Any CPU
		{F312CBA1-BC6E-4E8C-923C-9B7A52F30E3F}.Debug|Any CPU.ActiveCfg = Debug|Any CPU
		{F312CBA1-BC6E-4E8C-923C-9B7A52F30E3F}.Debug|Any CPU.Build.0 = Debug|Any CPU
		{F312CBA1-BC6E-4E8C-923C-9B7A52F30E3F}.Release|Any CPU.ActiveCfg = Release|Any CPU
		{F312CBA1-BC6E-4E8C-923C-9B7A52F30E3F}.Release|Any CPU.Build.0 = Release|Any CPU
		{CCF88DF9-CE64-4038-8E9E-DF8FF5540949}.Debug|Any CPU.ActiveCfg = Debug|Any CPU
		{CCF88DF9-CE64-4038-8E9E-DF8FF5540949}.Debug|Any CPU.Build.0 = Debug|Any CPU
		{CCF88DF9-CE64-4038-8E9E-DF8FF5540949}.Release|Any CPU.ActiveCfg = Release|Any CPU
		{CCF88DF9-CE64-4038-8E9E-DF8FF5540949}.Release|Any CPU.Build.0 = Release|Any CPU
	EndGlobalSection
	GlobalSection(SolutionProperties) = preSolution
		HideSolutionNode = FALSE
	EndGlobalSection
	GlobalSection(ExtensibilityGlobals) = postSolution
		SolutionGuid = {0F97750D-62AE-40B1-A59E-58C2F1F11743}
	EndGlobalSection
EndGlobal
